# THIS IS AN AUTOGENERATED FILE. DO NOT EDIT THIS FILE DIRECTLY.
# yarn lockfile v1


"@types/body-parser@*":
  version "1.17.1"
  resolved "https://registry.yarnpkg.com/@types/body-parser/-/body-parser-1.17.1.tgz#18fcf61768fb5c30ccc508c21d6fd2e8b3bf7897"
  integrity sha512-RoX2EZjMiFMjZh9lmYrwgoP9RTpAjSHiJxdp4oidAQVO02T7HER3xj9UKue5534ULWeqVEkujhWcyvUce+d68w==
  dependencies:
    "@types/connect" "*"
    "@types/node" "*"

"@types/connect@*":
  version "3.4.32"
  resolved "https://registry.yarnpkg.com/@types/connect/-/connect-3.4.32.tgz#aa0e9616b9435ccad02bc52b5b454ffc2c70ba28"
  integrity sha512-4r8qa0quOvh7lGD0pre62CAb1oni1OO6ecJLGCezTmhQ8Fz50Arx9RUszryR8KlgK6avuSXvviL6yWyViQABOg==
  dependencies:
    "@types/node" "*"

"@types/express-serve-static-core@*":
  version "4.16.10"
  resolved "https://registry.yarnpkg.com/@types/express-serve-static-core/-/express-serve-static-core-4.16.10.tgz#3c1313c6e6b75594561b473a286f016a9abf2132"
  integrity sha512-gM6evDj0OvTILTRKilh9T5dTaGpv1oYiFcJAfgSejuMJgGJUsD9hKEU2lB4aiTNy4WwChxRnjfYFuBQsULzsJw==
  dependencies:
    "@types/node" "*"
    "@types/range-parser" "*"

"@types/express@^4.17.1":
  version "4.17.1"
  resolved "https://registry.yarnpkg.com/@types/express/-/express-4.17.1.tgz#4cf7849ae3b47125a567dfee18bfca4254b88c5c"
  integrity sha512-VfH/XCP0QbQk5B5puLqTLEeFgR8lfCJHZJKkInZ9mkYd+u8byX0kztXEQxEk4wZXJs8HI+7km2ALXjn4YKcX9w==
  dependencies:
    "@types/body-parser" "*"
    "@types/express-serve-static-core" "*"
    "@types/serve-static" "*"

"@types/mime@*":
  version "2.0.1"
  resolved "https://registry.yarnpkg.com/@types/mime/-/mime-2.0.1.tgz#dc488842312a7f075149312905b5e3c0b054c79d"
  integrity sha512-FwI9gX75FgVBJ7ywgnq/P7tw+/o1GUbtP0KzbtusLigAOgIgNISRK0ZPl4qertvXSIE8YbsVJueQ90cDt9YYyw==

"@types/node@*":
  version "12.11.7"
  resolved "https://registry.yarnpkg.com/@types/node/-/node-12.11.7.tgz#57682a9771a3f7b09c2497f28129a0462966524a"
  integrity sha512-JNbGaHFCLwgHn/iCckiGSOZ1XYHsKFwREtzPwSGCVld1SGhOlmZw2D4ZI94HQCrBHbADzW9m4LER/8olJTRGHA==

"@types/range-parser@*":
  version "1.2.3"
  resolved "https://registry.yarnpkg.com/@types/range-parser/-/range-parser-1.2.3.tgz#7ee330ba7caafb98090bece86a5ee44115904c2c"
  integrity sha512-ewFXqrQHlFsgc09MK5jP5iR7vumV/BYayNC6PgJO2LPe8vrnNFyjQjSppfEngITi0qvfKtzFvgKymGheFM9UOA==

"@types/serve-static@*":
  version "1.13.3"
  resolved "https://registry.yarnpkg.com/@types/serve-static/-/serve-static-1.13.3.tgz#eb7e1c41c4468272557e897e9171ded5e2ded9d1"
  integrity sha512-oprSwp094zOglVrXdlo/4bAHtKTAxX6VT8FOZlBKrmyLbNvE1zxZyJ6yikMVtHIvwP45+ZQGJn+FdXGKTozq0g==
  dependencies:
    "@types/express-serve-static-core" "*"
    "@types/mime" "*"

encoding@^0.1.11:
  version "0.1.12"
  resolved "https://registry.yarnpkg.com/encoding/-/encoding-0.1.12.tgz#538b66f3ee62cd1ab51ec323829d1f9480c74beb"
  integrity sha1-U4tm8+5izRq1HsMjgp0flIDHS+s=
  dependencies:
    iconv-lite "~0.4.13"

iconv-lite@~0.4.13:
  version "0.4.24"
  resolved "https://registry.yarnpkg.com/iconv-lite/-/iconv-lite-0.4.24.tgz#2022b4b25fbddc21d2f524974a474aafe733908b"
  integrity sha512-v3MXnZAcvnywkTUEZomIActle7RXXeedOR31wwl7VlyoXO4Qi9arvSenNQWne1TcRwhCL1HwLI21bEqdpj8/rA==
  dependencies:
    safer-buffer ">= 2.1.2 < 3"

is-stream@^1.0.1:
  version "1.1.0"
  resolved "https://registry.yarnpkg.com/is-stream/-/is-stream-1.1.0.tgz#12d4a3dd4e68e0b79ceb8dbc84173ae80d91ca44"
  integrity sha1-EtSj3U5o4Lec6428hBc66A2RykQ=

isomorphic-fetch@^2.2.1:
  version "2.2.1"
  resolved "https://registry.yarnpkg.com/isomorphic-fetch/-/isomorphic-fetch-2.2.1.tgz#611ae1acf14f5e81f729507472819fe9733558a9"
  integrity sha1-YRrhrPFPXoH3KVB0coGf6XM1WKk=
  dependencies:
    node-fetch "^1.0.1"
    whatwg-fetch ">=0.10.0"

node-fetch@^1.0.1:
  version "1.7.3"
  resolved "https://registry.yarnpkg.com/node-fetch/-/node-fetch-1.7.3.tgz#980f6f72d85211a5347c6b2bc18c5b84c3eb47ef"
  integrity sha512-NhZ4CsKx7cYm2vSrBAr2PvFOe6sWDf0UYLRqA6svUYg7+/TSfVAu49jYC4BvQ4Sms9SZgdqGBgroqfDhJdTyKQ==
  dependencies:
    encoding "^0.1.11"
    is-stream "^1.0.1"

"safer-buffer@>= 2.1.2 < 3":
  version "2.1.2"
  resolved "https://registry.yarnpkg.com/safer-buffer/-/safer-buffer-2.1.2.tgz#44fa161b0187b9549dd84bb91802f9bd8385cd6a"
  integrity sha512-YZo3K82SD7Riyi0E1EQPojLz7kpepnSQI9IyPbHHg1XXXevb5dJI7tpyN2ADxGcQbHG7vcyRHk0cbwqcQriUtg==

whatwg-fetch@>=0.10.0:
  version "3.0.0"
  resolved "https://registry.yarnpkg.com/whatwg-fetch/-/whatwg-fetch-3.0.0.tgz#fc804e458cc460009b1a2b966bc8817d2578aefb"
  integrity sha512-9GSJUgz1D4MfyKU7KRqwOjXCXTqWdFNvEr7eUBYchQiVc744mqK/MzXPNR2WsPkmkOa4ywfg8C2n8h+13Bey1Q==
